
Microsoft Visual Studio Solution File, Format Version 12.00
# Visual Studio Version 17
VisualStudioVersion = 17.9.34902.65
MinimumVisualStudioVersion = 10.0.40219.1
Project("{FAE04EC0-301F-11D3-BF4B-00C04F79EFBC}") = "PlaylistProject", "PlaylistProject\PlaylistProject.csproj", "{ED006821-C917-446E-AE5A-C2F5CF568165}"
EndProject
Global
	GlobalSection(SolutionConfigurationPlatforms) = preSolution
		Debug|Any CPU = Debug|Any CPU
		Release|Any CPU = Release|Any CPU
	EndGlobalSection
	GlobalSection(ProjectConfigurationPlatforms) = postSolution
		{ED006821-C917-446E-AE5A-C2F5CF568165}.Debug|Any CPU.ActiveCfg = Debug|Any CPU
		{ED006821-C917-446E-AE5A-C2F5CF568165}.Debug|Any CPU.Build.0 = Debug|Any CPU
		{ED006821-C917-446E-AE5A-C2F5CF568165}.Release|Any CPU.ActiveCfg = Release|Any CPU
		{ED006821-C917-446E-AE5A-C2F5CF568165}.Release|Any CPU.Build.0 = Release|Any CPU
	EndGlobalSection
	GlobalSection(SolutionProperties) = preSolution
		HideSolutionNode = FALSE
	EndGlobalSection
	GlobalSection(ExtensibilityGlobals) = postSolution
		SolutionGuid = {129AE92F-0186-4987-94D0-ADACDE867390}
	EndGlobalSection
EndGlobal
